
Microsoft Visual Studio Solution File, Format Version 12.00
# Visual Studio Version 17
VisualStudioVersion = 17.0.32014.148
MinimumVisualStudioVersion = 10.0.40219.1
Project("{9A19103F-16F7-4668-BE54-9A1E7A4F7556}") = "RazorPages", "RazorPages\RazorPages.csproj", "{0BF39FAD-8A96-482E-ACAB-A072AA84893A}"
EndProject
Project("{9A19103F-16F7-4668-BE54-9A1E7A4F7556}") = "MVC", "MVC\MVC.csproj", "{FF3F4E4C-78DE-487C-AB2C-991B77E5F6E4}"
EndProject
Project("{9A19103F-16F7-4668-BE54-9A1E7A4F7556}") = "API", "API\API.csproj", "{27A53625-4581-4701-93ED-BB386D486071}"
EndProject
Project("{9A19103F-16F7-4668-BE54-9A1E7A4F7556}") = "BlazorServer", "BlazorServer\BlazorServer.csproj", "{ECFD152C-4A7D-496A-998E-484D86DDB3FE}"
EndProject
Project("{FAE04EC0-301F-11D3-BF4B-00C04F79EFBC}") = "BlazorClient", "BlazorClient\BlazorClient.csproj", "{106D4E43-3D99-4927-8D79-19FEE054DC14}"
EndProject
Global
	GlobalSection(SolutionConfigurationPlatforms) = preSolution
		Debug|Any CPU = Debug|Any CPU
		Release|Any CPU = Release|Any CPU
	EndGlobalSection
	GlobalSection(ProjectConfigurationPlatforms) = postSolution
		{0BF39FAD-8A96-482E-ACAB-A072AA84893A}.Debug|Any CPU.ActiveCfg = Debug|Any CPU
		{0BF39FAD-8A96-482E-ACAB-A072AA84893A}.Debug|Any CPU.Build.0 = Debug|Any CPU
		{0BF39FAD-8A96-482E-ACAB-A072AA84893A}.Release|Any CPU.ActiveCfg = Release|Any CPU
		{0BF39FAD-8A96-482E-ACAB-A072AA84893A}.Release|Any CPU.Build.0 = Release|Any CPU
		{FF3F4E4C-78DE-487C-AB2C-991B77E5F6E4}.Debug|Any CPU.ActiveCfg = Debug|Any CPU
		{FF3F4E4C-78DE-487C-AB2C-991B77E5F6E4}.Debug|Any CPU.Build.0 = Debug|Any CPU
		{FF3F4E4C-78DE-487C-AB2C-991B77E5F6E4}.Release|Any CPU.ActiveCfg = Release|Any CPU
		{FF3F4E4C-78DE-487C-AB2C-991B77E5F6E4}.Release|Any CPU.Build.0 = Release|Any CPU
		{27A53625-4581-4701-93ED-BB386D486071}.Debug|Any CPU.ActiveCfg = Debug|Any CPU
		{27A53625-4581-4701-93ED-BB386D486071}.Debug|Any CPU.Build.0 = Debug|Any CPU
		{27A53625-4581-4701-93ED-BB386D486071}.Release|Any CPU.ActiveCfg = Release|Any CPU
		{27A53625-4581-4701-93ED-BB386D486071}.Release|Any CPU.Build.0 = Release|Any CPU
		{ECFD152C-4A7D-496A-998E-484D86DDB3FE}.Debug|Any CPU.ActiveCfg = Debug|Any CPU
		{ECFD152C-4A7D-496A-998E-484D86DDB3FE}.Debug|Any CPU.Build.0 = Debug|Any CPU
		{ECFD152C-4A7D-496A-998E-484D86DDB3FE}.Release|Any CPU.ActiveCfg = Release|Any CPU
		{ECFD152C-4A7D-496A-998E-484D86DDB3FE}.Release|Any CPU.Build.0 = Release|Any CPU
		{106D4E43-3D99-4927-8D79-19FEE054DC14}.Debug|Any CPU.ActiveCfg = Debug|Any CPU
		{106D4E43-3D99-4927-8D79-19FEE054DC14}.Debug|Any CPU.Build.0 = Debug|Any CPU
		{106D4E43-3D99-4927-8D79-19FEE054DC14}.Release|Any CPU.ActiveCfg = Release|Any CPU
		{106D4E43-3D99-4927-8D79-19FEE054DC14}.Release|Any CPU.Build.0 = Release|Any CPU
	EndGlobalSection
	GlobalSection(SolutionProperties) = preSolution
		HideSolutionNode = FALSE
	EndGlobalSection
	GlobalSection(ExtensibilityGlobals) = postSolution
		SolutionGuid = {5F484933-A0CD-460C-B77C-BF6EDD59F6DA}
	EndGlobalSection
EndGlobal
